
Microsoft Visual Studio Solution File, Format Version 12.00
# Visual Studio Version 17
VisualStudioVersion = 17.0.31521.260
MinimumVisualStudioVersion = 10.0.40219.1
Project("{2150E333-8FDC-42A3-9474-1A3956D46DE8}") = "Solution Items", "Solution Items", "{9D049B93-9C89-4C5F-BE2E-E5962F487FBE}"
	ProjectSection(SolutionItems) = preProject
		.editorconfig = .editorconfig
	EndProjectSection
EndProject
Project("{FAE04EC0-301F-11D3-BF4B-00C04F79EFBC}") = "OsuAchievedOverlay.Next.Windows", "OsuAchievedOverlay.Next.Windows\OsuAchievedOverlay.Next.Windows.csproj", "{324A5CDE-13FE-4F5C-8016-A29CF7CD2AAA}"
EndProject
Global
	GlobalSection(SolutionConfigurationPlatforms) = preSolution
		Debug|Any CPU = Debug|Any CPU
		Debug|ARM = Debug|ARM
		Debug|ARM64 = Debug|ARM64
		Debug|x64 = Debug|x64
		Debug|x86 = Debug|x86
		Release|Any CPU = Release|Any CPU
		Release|ARM = Release|ARM
		Release|ARM64 = Release|ARM64
		Release|x64 = Release|x64
		Release|x86 = Release|x86
	EndGlobalSection
	GlobalSection(ProjectConfigurationPlatforms) = postSolution
		{324A5CDE-13FE-4F5C-8016-A29CF7CD2AAA}.Debug|Any CPU.ActiveCfg = Debug|Any CPU
		{324A5CDE-13FE-4F5C-8016-A29CF7CD2AAA}.Debug|Any CPU.Build.0 = Debug|Any CPU
		{324A5CDE-13FE-4F5C-8016-A29CF7CD2AAA}.Debug|ARM.ActiveCfg = Debug|Any CPU
		{324A5CDE-13FE-4F5C-8016-A29CF7CD2AAA}.Debug|ARM.Build.0 = Debug|Any CPU
		{324A5CDE-13FE-4F5C-8016-A29CF7CD2AAA}.Debug|ARM64.ActiveCfg = Debug|Any CPU
		{324A5CDE-13FE-4F5C-8016-A29CF7CD2AAA}.Debug|ARM64.Build.0 = Debug|Any CPU
		{324A5CDE-13FE-4F5C-8016-A29CF7CD2AAA}.Debug|x64.ActiveCfg = Debug|Any CPU
		{324A5CDE-13FE-4F5C-8016-A29CF7CD2AAA}.Debug|x64.Build.0 = Debug|Any CPU
		{324A5CDE-13FE-4F5C-8016-A29CF7CD2AAA}.Debug|x86.ActiveCfg = Debug|Any CPU
		{324A5CDE-13FE-4F5C-8016-A29CF7CD2AAA}.Debug|x86.Build.0 = Debug|Any CPU
		{324A5CDE-13FE-4F5C-8016-A29CF7CD2AAA}.Release|Any CPU.ActiveCfg = Release|Any CPU
		{324A5CDE-13FE-4F5C-8016-A29CF7CD2AAA}.Release|Any CPU.Build.0 = Release|Any CPU
		{324A5CDE-13FE-4F5C-8016-A29CF7CD2AAA}.Release|ARM.ActiveCfg = Release|Any CPU
		{324A5CDE-13FE-4F5C-8016-A29CF7CD2AAA}.Release|ARM.Build.0 = Release|Any CPU
		{324A5CDE-13FE-4F5C-8016-A29CF7CD2AAA}.Release|ARM64.ActiveCfg = Release|Any CPU
		{324A5CDE-13FE-4F5C-8016-A29CF7CD2AAA}.Release|ARM64.Build.0 = Release|Any CPU
		{324A5CDE-13FE-4F5C-8016-A29CF7CD2AAA}.Release|x64.ActiveCfg = Release|Any CPU
		{324A5CDE-13FE-4F5C-8016-A29CF7CD2AAA}.Release|x64.Build.0 = Release|Any CPU
		{324A5CDE-13FE-4F5C-8016-A29CF7CD2AAA}.Release|x86.ActiveCfg = Release|Any CPU
		{324A5CDE-13FE-4F5C-8016-A29CF7CD2AAA}.Release|x86.Build.0 = Release|Any CPU
	EndGlobalSection
	GlobalSection(SolutionProperties) = preSolution
		HideSolutionNode = FALSE
	EndGlobalSection
	GlobalSection(ExtensibilityGlobals) = postSolution
		SolutionGuid = {F671D60B-61E5-4796-8A6B-8745948F7621}
	EndGlobalSection
EndGlobal
